{
  "name": "itrex",
  "version": "1.0.0",
  "lockfileVersion": 1,
  "requires": true,
  "dependencies": {
    "jquery": {
      "version": "3.6.0",
      "resolved": "https://registry.npmjs.org/jquery/-/jquery-3.6.0.tgz",
      "integrity": "sha512-JVzAR/AjBvVt2BmYhxRCSYysDsPcssdmTFnzyLEts9qNwmjmu4JTAMYubEfwVOSwpQ1I1sKKFcxhZCI2buerfw==",
      "dev": true
    },
    "jquery.fancytable": {
      "version": "1.0.22",
      "resolved": "https://registry.npmjs.org/jquery.fancytable/-/jquery.fancytable-1.0.22.tgz",
      "integrity": "sha512-aGpwyqfdVMAdRmYxucw5UQH6KMOcFNYexN+5cOlPbcyhPSltTExqUk2NZ0vqsqncQoSth7ZBGF6TOk2Gx9yicg==",
      "dev": true
    }
  }
}
